
Microsoft Visual Studio Solution File, Format Version 12.00
# Visual Studio Version 16
VisualStudioVersion = 16.0.31129.286
MinimumVisualStudioVersion = 10.0.40219.1
Project("{9A19103F-16F7-4668-BE54-9A1E7A4F7556}") = "Pokedex2", "Pokedex2.csproj", "{0B7D5160-5875-4A19-BAF2-F68666801631}"
EndProject
Global
	GlobalSection(SolutionConfigurationPlatforms) = preSolution
		Debug|Any CPU = Debug|Any CPU
		Release|Any CPU = Release|Any CPU
	EndGlobalSection
	GlobalSection(ProjectConfigurationPlatforms) = postSolution
		{0B7D5160-5875-4A19-BAF2-F68666801631}.Debug|Any CPU.ActiveCfg = Debug|Any CPU
		{0B7D5160-5875-4A19-BAF2-F68666801631}.Debug|Any CPU.Build.0 = Debug|Any CPU
		{0B7D5160-5875-4A19-BAF2-F68666801631}.Release|Any CPU.ActiveCfg = Release|Any CPU
		{0B7D5160-5875-4A19-BAF2-F68666801631}.Release|Any CPU.Build.0 = Release|Any CPU
	EndGlobalSection
	GlobalSection(SolutionProperties) = preSolution
		HideSolutionNode = FALSE
	EndGlobalSection
	GlobalSection(ExtensibilityGlobals) = postSolution
		SolutionGuid = {77309926-82B6-465D-92A4-3E33F7531555}
	EndGlobalSection
EndGlobal
